
Microsoft Visual Studio Solution File, Format Version 12.00
# Visual Studio 15
VisualStudioVersion = 15.0.28010.2046
MinimumVisualStudioVersion = 10.0.40219.1
Project("{9A19103F-16F7-4668-BE54-9A1E7A4F7556}") = "DatingApp.Spa", "DatingApp.Spa\DatingApp.Spa.csproj", "{BBB38262-6A88-468C-B12C-EEDA7AA87EC9}"
EndProject
Project("{9A19103F-16F7-4668-BE54-9A1E7A4F7556}") = "AspNetCore.ApiBase", "AspNetCore.ApiBase\AspNetCore.ApiBase.csproj", "{71E683A1-0282-46B6-B23F-322E79BB0E8E}"
EndProject
Project("{2150E333-8FDC-42A3-9474-1A3956D46DE8}") = "Admin", "Admin", "{AB2BD5A4-02D0-4E9B-B947-89AB7B9F064F}"
EndProject
Project("{2150E333-8FDC-42A3-9474-1A3956D46DE8}") = "Tenant", "Tenant", "{7E251834-AC96-4497-A966-CEB8BC6DB2AF}"
EndProject
Project("{9A19103F-16F7-4668-BE54-9A1E7A4F7556}") = "DatingApp.Admin.Api", "DatingApp.Admin.Api\DatingApp.Admin.Api.csproj", "{AC3D0DD2-9886-4E99-A396-BBEFBB00B780}"
EndProject
Project("{9A19103F-16F7-4668-BE54-9A1E7A4F7556}") = "DatingApp.Admin.ApplicationServices", "DatingApp.Admin.ApplicationServices\DatingApp.Admin.ApplicationServices.csproj", "{503FB580-F1D9-4046-9DC3-AFDC155A4D85}"
EndProject
Project("{9A19103F-16F7-4668-BE54-9A1E7A4F7556}") = "DatingApp.Admin.Core", "DatingApp.Admin.Core\DatingApp.Admin.Core.csproj", "{F7125BEA-7B40-49BD-A5CC-6C41B2C1558B}"
EndProject
Project("{9A19103F-16F7-4668-BE54-9A1E7A4F7556}") = "DatingApp.Admin.Data.Identity", "DatingApp.Admin.Data.Identity\DatingApp.Admin.Data.Identity.csproj", "{459C6F02-3C66-4B0C-847C-6A5649DDD143}"
EndProject
Project("{9A19103F-16F7-4668-BE54-9A1E7A4F7556}") = "DatingApp.Admin.Data.Tenants", "DatingApp.Admin.Data.Tenants\DatingApp.Admin.Data.Tenants.csproj", "{9540C77F-83BA-44F3-A11D-FF20C95B1DA1}"
EndProject
Project("{2150E333-8FDC-42A3-9474-1A3956D46DE8}") = "Tenants", "Tenants", "{F478F39F-7E15-40E9-B511-ACAF743E07BF}"
EndProject
Project("{9A19103F-16F7-4668-BE54-9A1E7A4F7556}") = "DatingApp.Admin.Domain", "DatingApp.Admin.Domain\DatingApp.Admin.Domain.csproj", "{5F7FD3D7-0EC3-4782-BF65-E89DB1998584}"
EndProject
Project("{9A19103F-16F7-4668-BE54-9A1E7A4F7556}") = "DatingApp.Tenant.Api", "DatingApp.Tenant.Api\DatingApp.Tenant.Api.csproj", "{195204B9-7104-4AC9-953C-ACE2DCFB984B}"
EndProject
Project("{9A19103F-16F7-4668-BE54-9A1E7A4F7556}") = "DatingApp.Tenant.ApplicationServices", "DatingApp.Tenant.ApplicationServices\DatingApp.Tenant.ApplicationServices.csproj", "{17013078-0357-434E-99B6-E0980A16FB36}"
EndProject
Project("{9A19103F-16F7-4668-BE54-9A1E7A4F7556}") = "DatingApp.Tenant.Core", "DatingApp.Tenant.Core\DatingApp.Tenant.Core.csproj", "{1A8DBC92-BA53-4813-B1F1-3315FA1A5F8E}"
EndProject
Project("{9A19103F-16F7-4668-BE54-9A1E7A4F7556}") = "DatingApp.Tenant.Data", "DatingApp.Tenant.Data\DatingApp.Tenant.Data.csproj", "{E13E16CA-0CB3-4FF0-A709-B9C73C5E0E43}"
EndProject
Project("{9A19103F-16F7-4668-BE54-9A1E7A4F7556}") = "DatingApp.Tenant.Data.Identity", "DatingApp.Tenant.Data.Identity\DatingApp.Tenant.Data.Identity.csproj", "{8EE12B3B-BAA5-4D83-922E-F77F342FD83D}"
EndProject
Project("{9A19103F-16F7-4668-BE54-9A1E7A4F7556}") = "DatingApp.Tenant.Domain", "DatingApp.Tenant.Domain\DatingApp.Tenant.Domain.csproj", "{9A1284EB-2358-406A-9092-5419A69408B8}"
EndProject
Project("{9A19103F-16F7-4668-BE54-9A1E7A4F7556}") = "AspNetCore.ApiBase.Tests", "AspNetCore.ApiBase.Tests\AspNetCore.ApiBase.Tests.csproj", "{34D3A8AC-7F64-4673-983B-BE2A7F308302}"
EndProject
Project("{FAE04EC0-301F-11D3-BF4B-00C04F79EFBC}") = "WebApplication1", "WebApplication1\WebApplication1.csproj", "{A6F2BE3E-5760-4ADB-A2D4-596BC9E3BA8E}"
EndProject
Global
	GlobalSection(SolutionConfigurationPlatforms) = preSolution
		Debug|Any CPU = Debug|Any CPU
		Release|Any CPU = Release|Any CPU
	EndGlobalSection
	GlobalSection(ProjectConfigurationPlatforms) = postSolution
		{BBB38262-6A88-468C-B12C-EEDA7AA87EC9}.Debug|Any CPU.ActiveCfg = Debug|Any CPU
		{BBB38262-6A88-468C-B12C-EEDA7AA87EC9}.Debug|Any CPU.Build.0 = Debug|Any CPU
		{BBB38262-6A88-468C-B12C-EEDA7AA87EC9}.Release|Any CPU.ActiveCfg = Release|Any CPU
		{BBB38262-6A88-468C-B12C-EEDA7AA87EC9}.Release|Any CPU.Build.0 = Release|Any CPU
		{71E683A1-0282-46B6-B23F-322E79BB0E8E}.Debug|Any CPU.ActiveCfg = Debug|Any CPU
		{71E683A1-0282-46B6-B23F-322E79BB0E8E}.Debug|Any CPU.Build.0 = Debug|Any CPU
		{71E683A1-0282-46B6-B23F-322E79BB0E8E}.Release|Any CPU.ActiveCfg = Release|Any CPU
		{71E683A1-0282-46B6-B23F-322E79BB0E8E}.Release|Any CPU.Build.0 = Release|Any CPU
		{AC3D0DD2-9886-4E99-A396-BBEFBB00B780}.Debug|Any CPU.ActiveCfg = Debug|Any CPU
		{AC3D0DD2-9886-4E99-A396-BBEFBB00B780}.Debug|Any CPU.Build.0 = Debug|Any CPU
		{AC3D0DD2-9886-4E99-A396-BBEFBB00B780}.Release|Any CPU.ActiveCfg = Release|Any CPU
		{AC3D0DD2-9886-4E99-A396-BBEFBB00B780}.Release|Any CPU.Build.0 = Release|Any CPU
		{503FB580-F1D9-4046-9DC3-AFDC155A4D85}.Debug|Any CPU.ActiveCfg = Debug|Any CPU
		{503FB580-F1D9-4046-9DC3-AFDC155A4D85}.Debug|Any CPU.Build.0 = Debug|Any CPU
		{503FB580-F1D9-4046-9DC3-AFDC155A4D85}.Release|Any CPU.ActiveCfg = Release|Any CPU
		{503FB580-F1D9-4046-9DC3-AFDC155A4D85}.Release|Any CPU.Build.0 = Release|Any CPU
		{F7125BEA-7B40-49BD-A5CC-6C41B2C1558B}.Debug|Any CPU.ActiveCfg = Debug|Any CPU
		{F7125BEA-7B40-49BD-A5CC-6C41B2C1558B}.Debug|Any CPU.Build.0 = Debug|Any CPU
		{F7125BEA-7B40-49BD-A5CC-6C41B2C1558B}.Release|Any CPU.ActiveCfg = Release|Any CPU
		{F7125BEA-7B40-49BD-A5CC-6C41B2C1558B}.Release|Any CPU.Build.0 = Release|Any CPU
		{459C6F02-3C66-4B0C-847C-6A5649DDD143}.Debug|Any CPU.ActiveCfg = Debug|Any CPU
		{459C6F02-3C66-4B0C-847C-6A5649DDD143}.Debug|Any CPU.Build.0 = Debug|Any CPU
		{459C6F02-3C66-4B0C-847C-6A5649DDD143}.Release|Any CPU.ActiveCfg = Release|Any CPU
		{459C6F02-3C66-4B0C-847C-6A5649DDD143}.Release|Any CPU.Build.0 = Release|Any CPU
		{9540C77F-83BA-44F3-A11D-FF20C95B1DA1}.Debug|Any CPU.ActiveCfg = Debug|Any CPU
		{9540C77F-83BA-44F3-A11D-FF20C95B1DA1}.Debug|Any CPU.Build.0 = Debug|Any CPU
		{9540C77F-83BA-44F3-A11D-FF20C95B1DA1}.Release|Any CPU.ActiveCfg = Release|Any CPU
		{9540C77F-83BA-44F3-A11D-FF20C95B1DA1}.Release|Any CPU.Build.0 = Release|Any CPU
		{5F7FD3D7-0EC3-4782-BF65-E89DB1998584}.Debug|Any CPU.ActiveCfg = Debug|Any CPU
		{5F7FD3D7-0EC3-4782-BF65-E89DB1998584}.Debug|Any CPU.Build.0 = Debug|Any CPU
		{5F7FD3D7-0EC3-4782-BF65-E89DB1998584}.Release|Any CPU.ActiveCfg = Release|Any CPU
		{5F7FD3D7-0EC3-4782-BF65-E89DB1998584}.Release|Any CPU.Build.0 = Release|Any CPU
		{195204B9-7104-4AC9-953C-ACE2DCFB984B}.Debug|Any CPU.ActiveCfg = Debug|Any CPU
		{195204B9-7104-4AC9-953C-ACE2DCFB984B}.Debug|Any CPU.Build.0 = Debug|Any CPU
		{195204B9-7104-4AC9-953C-ACE2DCFB984B}.Release|Any CPU.ActiveCfg = Release|Any CPU
		{195204B9-7104-4AC9-953C-ACE2DCFB984B}.Release|Any CPU.Build.0 = Release|Any CPU
		{17013078-0357-434E-99B6-E0980A16FB36}.Debug|Any CPU.ActiveCfg = Debug|Any CPU
		{17013078-0357-434E-99B6-E0980A16FB36}.Debug|Any CPU.Build.0 = Debug|Any CPU
		{17013078-0357-434E-99B6-E0980A16FB36}.Release|Any CPU.ActiveCfg = Release|Any CPU
		{17013078-0357-434E-99B6-E0980A16FB36}.Release|Any CPU.Build.0 = Release|Any CPU
		{1A8DBC92-BA53-4813-B1F1-3315FA1A5F8E}.Debug|Any CPU.ActiveCfg = Debug|Any CPU
		{1A8DBC92-BA53-4813-B1F1-3315FA1A5F8E}.Debug|Any CPU.Build.0 = Debug|Any CPU
		{1A8DBC92-BA53-4813-B1F1-3315FA1A5F8E}.Release|Any CPU.ActiveCfg = Release|Any CPU
		{1A8DBC92-BA53-4813-B1F1-3315FA1A5F8E}.Release|Any CPU.Build.0 = Release|Any CPU
		{E13E16CA-0CB3-4FF0-A709-B9C73C5E0E43}.Debug|Any CPU.ActiveCfg = Debug|Any CPU
		{E13E16CA-0CB3-4FF0-A709-B9C73C5E0E43}.Debug|Any CPU.Build.0 = Debug|Any CPU
		{E13E16CA-0CB3-4FF0-A709-B9C73C5E0E43}.Release|Any CPU.ActiveCfg = Release|Any CPU
		{E13E16CA-0CB3-4FF0-A709-B9C73C5E0E43}.Release|Any CPU.Build.0 = Release|Any CPU
		{8EE12B3B-BAA5-4D83-922E-F77F342FD83D}.Debug|Any CPU.ActiveCfg = Debug|Any CPU
		{8EE12B3B-BAA5-4D83-922E-F77F342FD83D}.Debug|Any CPU.Build.0 = Debug|Any CPU
		{8EE12B3B-BAA5-4D83-922E-F77F342FD83D}.Release|Any CPU.ActiveCfg = Release|Any CPU
		{8EE12B3B-BAA5-4D83-922E-F77F342FD83D}.Release|Any CPU.Build.0 = Release|Any CPU
		{9A1284EB-2358-406A-9092-5419A69408B8}.Debug|Any CPU.ActiveCfg = Debug|Any CPU
		{9A1284EB-2358-406A-9092-5419A69408B8}.Debug|Any CPU.Build.0 = Debug|Any CPU
		{9A1284EB-2358-406A-9092-5419A69408B8}.Release|Any CPU.ActiveCfg = Release|Any CPU
		{9A1284EB-2358-406A-9092-5419A69408B8}.Release|Any CPU.Build.0 = Release|Any CPU
		{34D3A8AC-7F64-4673-983B-BE2A7F308302}.Debug|Any CPU.ActiveCfg = Debug|Any CPU
		{34D3A8AC-7F64-4673-983B-BE2A7F308302}.Debug|Any CPU.Build.0 = Debug|Any CPU
		{34D3A8AC-7F64-4673-983B-BE2A7F308302}.Release|Any CPU.ActiveCfg = Release|Any CPU
		{34D3A8AC-7F64-4673-983B-BE2A7F308302}.Release|Any CPU.Build.0 = Release|Any CPU
		{A6F2BE3E-5760-4ADB-A2D4-596BC9E3BA8E}.Debug|Any CPU.ActiveCfg = Debug|Any CPU
		{A6F2BE3E-5760-4ADB-A2D4-596BC9E3BA8E}.Debug|Any CPU.Build.0 = Debug|Any CPU
		{A6F2BE3E-5760-4ADB-A2D4-596BC9E3BA8E}.Release|Any CPU.ActiveCfg = Release|Any CPU
		{A6F2BE3E-5760-4ADB-A2D4-596BC9E3BA8E}.Release|Any CPU.Build.0 = Release|Any CPU
	EndGlobalSection
	GlobalSection(SolutionProperties) = preSolution
		HideSolutionNode = FALSE
	EndGlobalSection
	GlobalSection(NestedProjects) = preSolution
		{AC3D0DD2-9886-4E99-A396-BBEFBB00B780} = {AB2BD5A4-02D0-4E9B-B947-89AB7B9F064F}
		{503FB580-F1D9-4046-9DC3-AFDC155A4D85} = {AB2BD5A4-02D0-4E9B-B947-89AB7B9F064F}
		{F7125BEA-7B40-49BD-A5CC-6C41B2C1558B} = {AB2BD5A4-02D0-4E9B-B947-89AB7B9F064F}
		{459C6F02-3C66-4B0C-847C-6A5649DDD143} = {AB2BD5A4-02D0-4E9B-B947-89AB7B9F064F}
		{9540C77F-83BA-44F3-A11D-FF20C95B1DA1} = {F478F39F-7E15-40E9-B511-ACAF743E07BF}
		{5F7FD3D7-0EC3-4782-BF65-E89DB1998584} = {AB2BD5A4-02D0-4E9B-B947-89AB7B9F064F}
		{195204B9-7104-4AC9-953C-ACE2DCFB984B} = {7E251834-AC96-4497-A966-CEB8BC6DB2AF}
		{17013078-0357-434E-99B6-E0980A16FB36} = {7E251834-AC96-4497-A966-CEB8BC6DB2AF}
		{1A8DBC92-BA53-4813-B1F1-3315FA1A5F8E} = {7E251834-AC96-4497-A966-CEB8BC6DB2AF}
		{E13E16CA-0CB3-4FF0-A709-B9C73C5E0E43} = {7E251834-AC96-4497-A966-CEB8BC6DB2AF}
		{8EE12B3B-BAA5-4D83-922E-F77F342FD83D} = {7E251834-AC96-4497-A966-CEB8BC6DB2AF}
		{9A1284EB-2358-406A-9092-5419A69408B8} = {7E251834-AC96-4497-A966-CEB8BC6DB2AF}
	EndGlobalSection
	GlobalSection(ExtensibilityGlobals) = postSolution
		SolutionGuid = {957C5994-6AD3-46AE-9042-5EE0D6B8A046}
	EndGlobalSection
EndGlobal
