
Microsoft Visual Studio Solution File, Format Version 12.00
# Visual Studio 15
VisualStudioVersion = 15.0.28010.2046
MinimumVisualStudioVersion = 10.0.40219.1
Project("{9A19103F-16F7-4668-BE54-9A1E7A4F7556}") = "DatingApp.Api", "DatingApp.Api\DatingApp.Api.csproj", "{70CBC44D-2654-4073-A530-0171044FB581}"
EndProject
Project("{9A19103F-16F7-4668-BE54-9A1E7A4F7556}") = "DatingApp.Spa", "DatingApp.Spa\DatingApp.Spa.csproj", "{BBB38262-6A88-468C-B12C-EEDA7AA87EC9}"
EndProject
Project("{9A19103F-16F7-4668-BE54-9A1E7A4F7556}") = "DatingApp.Data", "DatingApp.Data\DatingApp.Data.csproj", "{BD2F84FD-E5B0-4C81-B513-CDB8460ACF8B}"
EndProject
Project("{9A19103F-16F7-4668-BE54-9A1E7A4F7556}") = "AspNetCore.ApiBase", "AspNetCore.ApiBase\AspNetCore.ApiBase.csproj", "{71E683A1-0282-46B6-B23F-322E79BB0E8E}"
EndProject
Project("{9A19103F-16F7-4668-BE54-9A1E7A4F7556}") = "DatingApp.Domain", "DatingApp.Domain\DatingApp.Domain.csproj", "{DA27408D-7724-4316-AE11-CAB8690AF39F}"
EndProject
Project("{9A19103F-16F7-4668-BE54-9A1E7A4F7556}") = "DatingApp.Data.Identity", "DatingApp.Data.Identity\DatingApp.Data.Identity.csproj", "{9F940E49-59B1-44EF-98A9-9CCA810FE439}"
EndProject
Project("{FAE04EC0-301F-11D3-BF4B-00C04F79EFBC}") = "DatingApp.ApplicationServices", "DatingApp.ApplicationServices\DatingApp.ApplicationServices.csproj", "{B066B9A8-078D-4113-ABEF-D579634332AA}"
EndProject
Project("{FAE04EC0-301F-11D3-BF4B-00C04F79EFBC}") = "DatingApp.Core", "DatingApp.Core\DatingApp.Core.csproj", "{C51F2DB1-751E-450F-B628-2B30A67A1A90}"
EndProject
Global
	GlobalSection(SolutionConfigurationPlatforms) = preSolution
		Debug|Any CPU = Debug|Any CPU
		Release|Any CPU = Release|Any CPU
	EndGlobalSection
	GlobalSection(ProjectConfigurationPlatforms) = postSolution
		{70CBC44D-2654-4073-A530-0171044FB581}.Debug|Any CPU.ActiveCfg = Debug|Any CPU
		{70CBC44D-2654-4073-A530-0171044FB581}.Debug|Any CPU.Build.0 = Debug|Any CPU
		{70CBC44D-2654-4073-A530-0171044FB581}.Release|Any CPU.ActiveCfg = Release|Any CPU
		{70CBC44D-2654-4073-A530-0171044FB581}.Release|Any CPU.Build.0 = Release|Any CPU
		{BBB38262-6A88-468C-B12C-EEDA7AA87EC9}.Debug|Any CPU.ActiveCfg = Debug|Any CPU
		{BBB38262-6A88-468C-B12C-EEDA7AA87EC9}.Debug|Any CPU.Build.0 = Debug|Any CPU
		{BBB38262-6A88-468C-B12C-EEDA7AA87EC9}.Release|Any CPU.ActiveCfg = Release|Any CPU
		{BBB38262-6A88-468C-B12C-EEDA7AA87EC9}.Release|Any CPU.Build.0 = Release|Any CPU
		{BD2F84FD-E5B0-4C81-B513-CDB8460ACF8B}.Debug|Any CPU.ActiveCfg = Debug|Any CPU
		{BD2F84FD-E5B0-4C81-B513-CDB8460ACF8B}.Debug|Any CPU.Build.0 = Debug|Any CPU
		{BD2F84FD-E5B0-4C81-B513-CDB8460ACF8B}.Release|Any CPU.ActiveCfg = Release|Any CPU
		{BD2F84FD-E5B0-4C81-B513-CDB8460ACF8B}.Release|Any CPU.Build.0 = Release|Any CPU
		{71E683A1-0282-46B6-B23F-322E79BB0E8E}.Debug|Any CPU.ActiveCfg = Debug|Any CPU
		{71E683A1-0282-46B6-B23F-322E79BB0E8E}.Debug|Any CPU.Build.0 = Debug|Any CPU
		{71E683A1-0282-46B6-B23F-322E79BB0E8E}.Release|Any CPU.ActiveCfg = Release|Any CPU
		{71E683A1-0282-46B6-B23F-322E79BB0E8E}.Release|Any CPU.Build.0 = Release|Any CPU
		{DA27408D-7724-4316-AE11-CAB8690AF39F}.Debug|Any CPU.ActiveCfg = Debug|Any CPU
		{DA27408D-7724-4316-AE11-CAB8690AF39F}.Debug|Any CPU.Build.0 = Debug|Any CPU
		{DA27408D-7724-4316-AE11-CAB8690AF39F}.Release|Any CPU.ActiveCfg = Release|Any CPU
		{DA27408D-7724-4316-AE11-CAB8690AF39F}.Release|Any CPU.Build.0 = Release|Any CPU
		{9F940E49-59B1-44EF-98A9-9CCA810FE439}.Debug|Any CPU.ActiveCfg = Debug|Any CPU
		{9F940E49-59B1-44EF-98A9-9CCA810FE439}.Debug|Any CPU.Build.0 = Debug|Any CPU
		{9F940E49-59B1-44EF-98A9-9CCA810FE439}.Release|Any CPU.ActiveCfg = Release|Any CPU
		{9F940E49-59B1-44EF-98A9-9CCA810FE439}.Release|Any CPU.Build.0 = Release|Any CPU
		{B066B9A8-078D-4113-ABEF-D579634332AA}.Debug|Any CPU.ActiveCfg = Debug|Any CPU
		{B066B9A8-078D-4113-ABEF-D579634332AA}.Debug|Any CPU.Build.0 = Debug|Any CPU
		{B066B9A8-078D-4113-ABEF-D579634332AA}.Release|Any CPU.ActiveCfg = Release|Any CPU
		{B066B9A8-078D-4113-ABEF-D579634332AA}.Release|Any CPU.Build.0 = Release|Any CPU
		{C51F2DB1-751E-450F-B628-2B30A67A1A90}.Debug|Any CPU.ActiveCfg = Debug|Any CPU
		{C51F2DB1-751E-450F-B628-2B30A67A1A90}.Debug|Any CPU.Build.0 = Debug|Any CPU
		{C51F2DB1-751E-450F-B628-2B30A67A1A90}.Release|Any CPU.ActiveCfg = Release|Any CPU
		{C51F2DB1-751E-450F-B628-2B30A67A1A90}.Release|Any CPU.Build.0 = Release|Any CPU
	EndGlobalSection
	GlobalSection(SolutionProperties) = preSolution
		HideSolutionNode = FALSE
	EndGlobalSection
	GlobalSection(ExtensibilityGlobals) = postSolution
		SolutionGuid = {957C5994-6AD3-46AE-9042-5EE0D6B8A046}
	EndGlobalSection
EndGlobal
